# This file is automatically @generated by Cargo.
# It is not intended for manual editing.
version = 4

[[package]]
name = "dllm"
version = "0.1.0"

[[package]]
name = "dllm-cli"
version = "0.1.0"
dependencies = [
 "dllm",
 "dllm-client",
]

[[package]]
name = "dllm-client"
version = "0.1.0"
dependencies = [
 "dllm",
]

[[package]]
name = "dllm-server"
version = "0.1.0"
dependencies = [
 "dllm",
]
